
Microsoft Visual Studio Solution File, Format Version 12.00
# Visual Studio Version 16
VisualStudioVersion = 16.0.29215.179
MinimumVisualStudioVersion = 10.0.40219.1
Project("{8BC9CEB8-8B4A-11D0-8D11-00A0C91BC942}") = "OpenCV_haar_tutorial", "OpenCV_haar_tutorial.vcxproj", "{63A72AE5-B281-4D0C-93DD-A7BE37068C56}"
EndProject
Global
	GlobalSection(SolutionConfigurationPlatforms) = preSolution
		Debug|x64 = Debug|x64
		Debug|x86 = Debug|x86
		Release|x64 = Release|x64
		Release|x86 = Release|x86
	EndGlobalSection
	GlobalSection(ProjectConfigurationPlatforms) = postSolution
		{63A72AE5-B281-4D0C-93DD-A7BE37068C56}.Debug|x64.ActiveCfg = Debug|x64
		{63A72AE5-B281-4D0C-93DD-A7BE37068C56}.Debug|x64.Build.0 = Debug|x64
		{63A72AE5-B281-4D0C-93DD-A7BE37068C56}.Debug|x86.ActiveCfg = Debug|x64
		{63A72AE5-B281-4D0C-93DD-A7BE37068C56}.Debug|x86.Build.0 = Debug|x64
		{63A72AE5-B281-4D0C-93DD-A7BE37068C56}.Release|x64.ActiveCfg = Release|x64
		{63A72AE5-B281-4D0C-93DD-A7BE37068C56}.Release|x64.Build.0 = Release|x64
		{63A72AE5-B281-4D0C-93DD-A7BE37068C56}.Release|x86.ActiveCfg = Release|Win32
		{63A72AE5-B281-4D0C-93DD-A7BE37068C56}.Release|x86.Build.0 = Release|Win32
	EndGlobalSection
	GlobalSection(SolutionProperties) = preSolution
		HideSolutionNode = FALSE
	EndGlobalSection
	GlobalSection(ExtensibilityGlobals) = postSolution
		SolutionGuid = {B01B0D61-CE4F-409D-AA5D-072364A0CD04}
	EndGlobalSection
EndGlobal
